
Microsoft Visual Studio Solution File, Format Version 12.00
Project("{FAE04EC0-301F-11D3-BF4B-00C04F79EFBC}") = "RefugeeTest", "RefugeeTest\RefugeeTest.csproj", "{EBA2F582-43C9-4E27-9273-E06CFC5814F3}"
EndProject
Project("{FAE04EC0-301F-11D3-BF4B-00C04F79EFBC}") = "Refugee", "Refugee\Refugee.csproj", "{7BD647AF-5452-4183-AD65-0F54A428BCBD}"
EndProject
Global
	GlobalSection(SolutionConfigurationPlatforms) = preSolution
		Debug|Any CPU = Debug|Any CPU
		Release|Any CPU = Release|Any CPU
	EndGlobalSection
	GlobalSection(ProjectConfigurationPlatforms) = postSolution
		{EBA2F582-43C9-4E27-9273-E06CFC5814F3}.Debug|Any CPU.ActiveCfg = Debug|Any CPU
		{EBA2F582-43C9-4E27-9273-E06CFC5814F3}.Debug|Any CPU.Build.0 = Debug|Any CPU
		{EBA2F582-43C9-4E27-9273-E06CFC5814F3}.Release|Any CPU.ActiveCfg = Release|Any CPU
		{EBA2F582-43C9-4E27-9273-E06CFC5814F3}.Release|Any CPU.Build.0 = Release|Any CPU
		{7BD647AF-5452-4183-AD65-0F54A428BCBD}.Debug|Any CPU.ActiveCfg = Debug|Any CPU
		{7BD647AF-5452-4183-AD65-0F54A428BCBD}.Debug|Any CPU.Build.0 = Debug|Any CPU
		{7BD647AF-5452-4183-AD65-0F54A428BCBD}.Release|Any CPU.ActiveCfg = Release|Any CPU
		{7BD647AF-5452-4183-AD65-0F54A428BCBD}.Release|Any CPU.Build.0 = Release|Any CPU
	EndGlobalSection
EndGlobal
